
Microsoft Visual Studio Solution File, Format Version 12.00
# Visual Studio 15
VisualStudioVersion = 15.0.28307.421
MinimumVisualStudioVersion = 10.0.40219.1
Project("{FAE04EC0-301F-11D3-BF4B-00C04F79EFBC}") = "vehicles", "vehicles\vehicles.csproj", "{77E2F1C1-05C2-41A1-A968-61924DC15833}"
EndProject
Global
	GlobalSection(SolutionConfigurationPlatforms) = preSolution
		Debug|Any CPU = Debug|Any CPU
		Release|Any CPU = Release|Any CPU
	EndGlobalSection
	GlobalSection(ProjectConfigurationPlatforms) = postSolution
		{77E2F1C1-05C2-41A1-A968-61924DC15833}.Debug|Any CPU.ActiveCfg = Debug|Any CPU
		{77E2F1C1-05C2-41A1-A968-61924DC15833}.Debug|Any CPU.Build.0 = Debug|Any CPU
		{77E2F1C1-05C2-41A1-A968-61924DC15833}.Release|Any CPU.ActiveCfg = Release|Any CPU
		{77E2F1C1-05C2-41A1-A968-61924DC15833}.Release|Any CPU.Build.0 = Release|Any CPU
	EndGlobalSection
	GlobalSection(SolutionProperties) = preSolution
		HideSolutionNode = FALSE
	EndGlobalSection
	GlobalSection(ExtensibilityGlobals) = postSolution
		SolutionGuid = {96E0B13C-7785-441E-88A6-D6DD838C759B}
	EndGlobalSection
EndGlobal
